{
  "name": "npm-7-package-lock-issue",
  "version": "1.0.0",
  "lockfileVersion": 2,
  "requires": true,
  "packages": {
    "": {
      "version": "1.0.0",
      "license": "ISC",
      "dependencies": {
        "npm-7-package-lock-issue": "file:libs/example.tgz"
      }
    },
    "node_modules/npm-7-package-lock-issue": {
      "version": "1.0.0",
      "resolved": "file:libs/example.tgz",
      "integrity": "sha512-DCSLUP3i8X0ZbWVwt5MHyK+Xtf6OHBAWn8pSawFiY8923RLA0DNK0FTh/+XhCwjgZAuONwsXsc4WIfm85JxrLA==",
      "license": "ISC"
    }
  },
  "dependencies": {
    "npm-7-package-lock-issue": {
      "version": "file:libs/example.tgz",
      "integrity": "sha512-DCSLUP3i8X0ZbWVwt5MHyK+Xtf6OHBAWn8pSawFiY8923RLA0DNK0FTh/+XhCwjgZAuONwsXsc4WIfm85JxrLA=="
    }
  }
}
